
Microsoft Visual Studio Solution File, Format Version 12.00
# Visual Studio Version 16
VisualStudioVersion = 16.0.30413.136
MinimumVisualStudioVersion = 10.0.40219.1
Project("{9A19103F-16F7-4668-BE54-9A1E7A4F7556}") = "Club Party", "Club Party\Club Party.csproj", "{B2F468C7-AA48-4BCA-BAD3-3824D3754E8F}"
EndProject
Project("{FAE04EC0-301F-11D3-BF4B-00C04F79EFBC}") = "Tron Racers", "Tron Racers\Tron Racers.csproj", "{EFAD75CA-9E9D-4B05-A58F-F5F913A9D786}"
EndProject
Project("{FAE04EC0-301F-11D3-BF4B-00C04F79EFBC}") = "Heroes", "Heroes\Heroes.csproj", "{CC70DC04-18F4-479E-A61F-F06A49BBAC2B}"
EndProject
Global
	GlobalSection(SolutionConfigurationPlatforms) = preSolution
		Debug|Any CPU = Debug|Any CPU
		Release|Any CPU = Release|Any CPU
	EndGlobalSection
	GlobalSection(ProjectConfigurationPlatforms) = postSolution
		{B2F468C7-AA48-4BCA-BAD3-3824D3754E8F}.Debug|Any CPU.ActiveCfg = Debug|Any CPU
		{B2F468C7-AA48-4BCA-BAD3-3824D3754E8F}.Debug|Any CPU.Build.0 = Debug|Any CPU
		{B2F468C7-AA48-4BCA-BAD3-3824D3754E8F}.Release|Any CPU.ActiveCfg = Release|Any CPU
		{B2F468C7-AA48-4BCA-BAD3-3824D3754E8F}.Release|Any CPU.Build.0 = Release|Any CPU
		{EFAD75CA-9E9D-4B05-A58F-F5F913A9D786}.Debug|Any CPU.ActiveCfg = Debug|Any CPU
		{EFAD75CA-9E9D-4B05-A58F-F5F913A9D786}.Debug|Any CPU.Build.0 = Debug|Any CPU
		{EFAD75CA-9E9D-4B05-A58F-F5F913A9D786}.Release|Any CPU.ActiveCfg = Release|Any CPU
		{EFAD75CA-9E9D-4B05-A58F-F5F913A9D786}.Release|Any CPU.Build.0 = Release|Any CPU
		{CC70DC04-18F4-479E-A61F-F06A49BBAC2B}.Debug|Any CPU.ActiveCfg = Debug|Any CPU
		{CC70DC04-18F4-479E-A61F-F06A49BBAC2B}.Debug|Any CPU.Build.0 = Debug|Any CPU
		{CC70DC04-18F4-479E-A61F-F06A49BBAC2B}.Release|Any CPU.ActiveCfg = Release|Any CPU
		{CC70DC04-18F4-479E-A61F-F06A49BBAC2B}.Release|Any CPU.Build.0 = Release|Any CPU
	EndGlobalSection
	GlobalSection(SolutionProperties) = preSolution
		HideSolutionNode = FALSE
	EndGlobalSection
	GlobalSection(ExtensibilityGlobals) = postSolution
		SolutionGuid = {ACF2C184-E872-4DAB-8F8D-C564E9000FDA}
	EndGlobalSection
EndGlobal
