
Microsoft Visual Studio Solution File, Format Version 12.00
# Visual Studio Version 16
VisualStudioVersion = 16.0.30413.136
MinimumVisualStudioVersion = 10.0.40219.1
Project("{FAE04EC0-301F-11D3-BF4B-00C04F79EFBC}") = "01.Reverse_Strings", "ConsoleApp1\01.Reverse_Strings.csproj", "{73C4661E-0C98-4889-9390-75A11A3B0D5C}"
EndProject
Project("{FAE04EC0-301F-11D3-BF4B-00C04F79EFBC}") = "02.Stack_Sum", "02.Stack_Sum\02.Stack_Sum.csproj", "{D66FA399-3125-44C6-8896-A2B282931688}"
EndProject
Project("{FAE04EC0-301F-11D3-BF4B-00C04F79EFBC}") = "03.Simple_Calculator", "03.Simple_Calculator\03.Simple_Calculator.csproj", "{C58E0920-C121-4DC4-B65F-2820036AC352}"
EndProject
Project("{FAE04EC0-301F-11D3-BF4B-00C04F79EFBC}") = "04.Matching_Brackets", "04.Matching_Brackets\04.Matching_Brackets.csproj", "{9553A792-4936-44A7-AFFB-FC6446A85165}"
EndProject
Project("{FAE04EC0-301F-11D3-BF4B-00C04F79EFBC}") = "05.Print_Even_Numbers", "05.Print_Even_Numbers\05.Print_Even_Numbers.csproj", "{6184EC9C-AF33-4E94-BCA9-6D9068B2D3BB}"
EndProject
Project("{FAE04EC0-301F-11D3-BF4B-00C04F79EFBC}") = "06.Supermarket", "06.Supermarket\06.Supermarket.csproj", "{C6A7DE63-279C-4D90-8CDD-139A27FA8A6A}"
EndProject
Project("{FAE04EC0-301F-11D3-BF4B-00C04F79EFBC}") = "07.Hot_Potato", "07.Hot Potato\07.Hot_Potato.csproj", "{35C76EEF-6D63-4314-81F3-FFFF7E83007F}"
EndProject
Project("{FAE04EC0-301F-11D3-BF4B-00C04F79EFBC}") = "08.Traffic_Jam", "08.Traffic_Jam\08.Traffic_Jam.csproj", "{8D6D38F9-CB50-454C-8D19-37281CDEAD84}"
EndProject
Global
	GlobalSection(SolutionConfigurationPlatforms) = preSolution
		Debug|Any CPU = Debug|Any CPU
		Release|Any CPU = Release|Any CPU
	EndGlobalSection
	GlobalSection(ProjectConfigurationPlatforms) = postSolution
		{73C4661E-0C98-4889-9390-75A11A3B0D5C}.Debug|Any CPU.ActiveCfg = Debug|Any CPU
		{73C4661E-0C98-4889-9390-75A11A3B0D5C}.Debug|Any CPU.Build.0 = Debug|Any CPU
		{73C4661E-0C98-4889-9390-75A11A3B0D5C}.Release|Any CPU.ActiveCfg = Release|Any CPU
		{73C4661E-0C98-4889-9390-75A11A3B0D5C}.Release|Any CPU.Build.0 = Release|Any CPU
		{D66FA399-3125-44C6-8896-A2B282931688}.Debug|Any CPU.ActiveCfg = Debug|Any CPU
		{D66FA399-3125-44C6-8896-A2B282931688}.Debug|Any CPU.Build.0 = Debug|Any CPU
		{D66FA399-3125-44C6-8896-A2B282931688}.Release|Any CPU.ActiveCfg = Release|Any CPU
		{D66FA399-3125-44C6-8896-A2B282931688}.Release|Any CPU.Build.0 = Release|Any CPU
		{C58E0920-C121-4DC4-B65F-2820036AC352}.Debug|Any CPU.ActiveCfg = Debug|Any CPU
		{C58E0920-C121-4DC4-B65F-2820036AC352}.Debug|Any CPU.Build.0 = Debug|Any CPU
		{C58E0920-C121-4DC4-B65F-2820036AC352}.Release|Any CPU.ActiveCfg = Release|Any CPU
		{C58E0920-C121-4DC4-B65F-2820036AC352}.Release|Any CPU.Build.0 = Release|Any CPU
		{9553A792-4936-44A7-AFFB-FC6446A85165}.Debug|Any CPU.ActiveCfg = Debug|Any CPU
		{9553A792-4936-44A7-AFFB-FC6446A85165}.Debug|Any CPU.Build.0 = Debug|Any CPU
		{9553A792-4936-44A7-AFFB-FC6446A85165}.Release|Any CPU.ActiveCfg = Release|Any CPU
		{9553A792-4936-44A7-AFFB-FC6446A85165}.Release|Any CPU.Build.0 = Release|Any CPU
		{6184EC9C-AF33-4E94-BCA9-6D9068B2D3BB}.Debug|Any CPU.ActiveCfg = Debug|Any CPU
		{6184EC9C-AF33-4E94-BCA9-6D9068B2D3BB}.Debug|Any CPU.Build.0 = Debug|Any CPU
		{6184EC9C-AF33-4E94-BCA9-6D9068B2D3BB}.Release|Any CPU.ActiveCfg = Release|Any CPU
		{6184EC9C-AF33-4E94-BCA9-6D9068B2D3BB}.Release|Any CPU.Build.0 = Release|Any CPU
		{C6A7DE63-279C-4D90-8CDD-139A27FA8A6A}.Debug|Any CPU.ActiveCfg = Debug|Any CPU
		{C6A7DE63-279C-4D90-8CDD-139A27FA8A6A}.Debug|Any CPU.Build.0 = Debug|Any CPU
		{C6A7DE63-279C-4D90-8CDD-139A27FA8A6A}.Release|Any CPU.ActiveCfg = Release|Any CPU
		{C6A7DE63-279C-4D90-8CDD-139A27FA8A6A}.Release|Any CPU.Build.0 = Release|Any CPU
		{35C76EEF-6D63-4314-81F3-FFFF7E83007F}.Debug|Any CPU.ActiveCfg = Debug|Any CPU
		{35C76EEF-6D63-4314-81F3-FFFF7E83007F}.Debug|Any CPU.Build.0 = Debug|Any CPU
		{35C76EEF-6D63-4314-81F3-FFFF7E83007F}.Release|Any CPU.ActiveCfg = Release|Any CPU
		{35C76EEF-6D63-4314-81F3-FFFF7E83007F}.Release|Any CPU.Build.0 = Release|Any CPU
		{8D6D38F9-CB50-454C-8D19-37281CDEAD84}.Debug|Any CPU.ActiveCfg = Debug|Any CPU
		{8D6D38F9-CB50-454C-8D19-37281CDEAD84}.Debug|Any CPU.Build.0 = Debug|Any CPU
		{8D6D38F9-CB50-454C-8D19-37281CDEAD84}.Release|Any CPU.ActiveCfg = Release|Any CPU
		{8D6D38F9-CB50-454C-8D19-37281CDEAD84}.Release|Any CPU.Build.0 = Release|Any CPU
	EndGlobalSection
	GlobalSection(SolutionProperties) = preSolution
		HideSolutionNode = FALSE
	EndGlobalSection
	GlobalSection(ExtensibilityGlobals) = postSolution
		SolutionGuid = {36F81A96-C0EC-4946-96D4-6D225A05AC1C}
	EndGlobalSection
EndGlobal
