
Microsoft Visual Studio Solution File, Format Version 12.00
# Visual Studio Version 16
VisualStudioVersion = 16.0.30413.136
MinimumVisualStudioVersion = 10.0.40219.1
Project("{9A19103F-16F7-4668-BE54-9A1E7A4F7556}") = "02.GenericSwapMethodStrings", "02.GenericSwapMethodStrings.csproj", "{3EA75856-FBAF-4427-96EF-B11613CD35BF}"
EndProject
Global
	GlobalSection(SolutionConfigurationPlatforms) = preSolution
		Debug|Any CPU = Debug|Any CPU
		Release|Any CPU = Release|Any CPU
	EndGlobalSection
	GlobalSection(ProjectConfigurationPlatforms) = postSolution
		{3EA75856-FBAF-4427-96EF-B11613CD35BF}.Debug|Any CPU.ActiveCfg = Debug|Any CPU
		{3EA75856-FBAF-4427-96EF-B11613CD35BF}.Debug|Any CPU.Build.0 = Debug|Any CPU
		{3EA75856-FBAF-4427-96EF-B11613CD35BF}.Release|Any CPU.ActiveCfg = Release|Any CPU
		{3EA75856-FBAF-4427-96EF-B11613CD35BF}.Release|Any CPU.Build.0 = Release|Any CPU
	EndGlobalSection
	GlobalSection(SolutionProperties) = preSolution
		HideSolutionNode = FALSE
	EndGlobalSection
	GlobalSection(ExtensibilityGlobals) = postSolution
		SolutionGuid = {E22F4896-8C94-457B-9EC8-5640E8CF3131}
	EndGlobalSection
EndGlobal
